
Microsoft Visual Studio Solution File, Format Version 12.00
# Visual Studio Version 16
VisualStudioVersion = 16.0.30907.101
MinimumVisualStudioVersion = 10.0.40219.1
Project("{9A19103F-16F7-4668-BE54-9A1E7A4F7556}") = "BlazorApp", "BlazorApp.csproj", "{ED1845E5-3953-439B-9481-86F8047D8ECA}"
EndProject
Global
	GlobalSection(SolutionConfigurationPlatforms) = preSolution
		Debug|Any CPU = Debug|Any CPU
		Release|Any CPU = Release|Any CPU
	EndGlobalSection
	GlobalSection(ProjectConfigurationPlatforms) = postSolution
		{ED1845E5-3953-439B-9481-86F8047D8ECA}.Debug|Any CPU.ActiveCfg = Debug|Any CPU
		{ED1845E5-3953-439B-9481-86F8047D8ECA}.Debug|Any CPU.Build.0 = Debug|Any CPU
		{ED1845E5-3953-439B-9481-86F8047D8ECA}.Release|Any CPU.ActiveCfg = Release|Any CPU
		{ED1845E5-3953-439B-9481-86F8047D8ECA}.Release|Any CPU.Build.0 = Release|Any CPU
	EndGlobalSection
	GlobalSection(SolutionProperties) = preSolution
		HideSolutionNode = FALSE
	EndGlobalSection
	GlobalSection(ExtensibilityGlobals) = postSolution
		SolutionGuid = {196B85D4-3A3D-4A2A-9EFA-F18B25BE44D1}
	EndGlobalSection
EndGlobal
